
Microsoft Visual Studio Solution File, Format Version 12.00
# Visual Studio 14
VisualStudioVersion = 14.0.25420.1
MinimumVisualStudioVersion = 10.0.40219.1
Project("{FAE04EC0-301F-11D3-BF4B-00C04F79EFBC}") = "Redis", "Redis\Redis.csproj", "{F6A3FB21-3535-4F21-9E0E-EF0369CE10EE}"
EndProject
Project("{FAE04EC0-301F-11D3-BF4B-00C04F79EFBC}") = "Redis.StackExchange", "Redis.StackExchange\Redis.StackExchange.csproj", "{2C2964E4-0317-4020-A1F4-27B669D64B5B}"
EndProject
Global
	GlobalSection(SolutionConfigurationPlatforms) = preSolution
		Debug|Any CPU = Debug|Any CPU
		Release|Any CPU = Release|Any CPU
	EndGlobalSection
	GlobalSection(ProjectConfigurationPlatforms) = postSolution
		{F6A3FB21-3535-4F21-9E0E-EF0369CE10EE}.Debug|Any CPU.ActiveCfg = Debug|Any CPU
		{F6A3FB21-3535-4F21-9E0E-EF0369CE10EE}.Debug|Any CPU.Build.0 = Debug|Any CPU
		{F6A3FB21-3535-4F21-9E0E-EF0369CE10EE}.Release|Any CPU.ActiveCfg = Release|Any CPU
		{F6A3FB21-3535-4F21-9E0E-EF0369CE10EE}.Release|Any CPU.Build.0 = Release|Any CPU
		{2C2964E4-0317-4020-A1F4-27B669D64B5B}.Debug|Any CPU.ActiveCfg = Debug|Any CPU
		{2C2964E4-0317-4020-A1F4-27B669D64B5B}.Debug|Any CPU.Build.0 = Debug|Any CPU
		{2C2964E4-0317-4020-A1F4-27B669D64B5B}.Release|Any CPU.ActiveCfg = Release|Any CPU
		{2C2964E4-0317-4020-A1F4-27B669D64B5B}.Release|Any CPU.Build.0 = Release|Any CPU
	EndGlobalSection
	GlobalSection(SolutionProperties) = preSolution
		HideSolutionNode = FALSE
	EndGlobalSection
EndGlobal
